
Microsoft Visual Studio Solution File, Format Version 12.00
# Visual Studio Version 17
VisualStudioVersion = 17.12.35514.174
MinimumVisualStudioVersion = 10.0.40219.1
Project("{FAE04EC0-301F-11D3-BF4B-00C04F79EFBC}") = "arcslack.Server", "src\arcslack.Server\arcslack.Server.csproj", "{A55B86B2-E610-46AC-AD89-7AB669E4F658}"
EndProject
Project("{54A90642-561A-4BB1-A94E-469ADEE60C69}") = "arcslack.client", "src\arcslack.client\arcslack.client.esproj", "{1A4A5636-DA0B-43F9-8177-40BCD76DD703}"
EndProject
Global
	GlobalSection(SolutionConfigurationPlatforms) = preSolution
		Debug|Any CPU = Debug|Any CPU
		Release|Any CPU = Release|Any CPU
	EndGlobalSection
	GlobalSection(ProjectConfigurationPlatforms) = postSolution
		{A55B86B2-E610-46AC-AD89-7AB669E4F658}.Debug|Any CPU.ActiveCfg = Debug|Any CPU
		{A55B86B2-E610-46AC-AD89-7AB669E4F658}.Debug|Any CPU.Build.0 = Debug|Any CPU
		{A55B86B2-E610-46AC-AD89-7AB669E4F658}.Release|Any CPU.ActiveCfg = Release|Any CPU
		{A55B86B2-E610-46AC-AD89-7AB669E4F658}.Release|Any CPU.Build.0 = Release|Any CPU
		{1A4A5636-DA0B-43F9-8177-40BCD76DD703}.Debug|Any CPU.ActiveCfg = Debug|Any CPU
		{1A4A5636-DA0B-43F9-8177-40BCD76DD703}.Debug|Any CPU.Build.0 = Debug|Any CPU
		{1A4A5636-DA0B-43F9-8177-40BCD76DD703}.Debug|Any CPU.Deploy.0 = Debug|Any CPU
		{1A4A5636-DA0B-43F9-8177-40BCD76DD703}.Release|Any CPU.ActiveCfg = Release|Any CPU
		{1A4A5636-DA0B-43F9-8177-40BCD76DD703}.Release|Any CPU.Build.0 = Release|Any CPU
		{1A4A5636-DA0B-43F9-8177-40BCD76DD703}.Release|Any CPU.Deploy.0 = Release|Any CPU
	EndGlobalSection
	GlobalSection(SolutionProperties) = preSolution
		HideSolutionNode = FALSE
	EndGlobalSection
EndGlobal
